// !$*UTF8*$!
{
	archiveVersion = 1;
	classes = {
	};
	objectVersion = 51;
	objects = {

/* Begin PBXBuildFile section */
		0416DBF6235A2E53000E8E5C /* PokemonDetailView.swift in Sources */ = {isa = PBXBuildFile; fileRef = 0416DBF5235A2E53000E8E5C /* PokemonDetailView.swift */; };
		0416DBF8235A2E73000E8E5C /* PokemonDetailController.swift in Sources */ = {isa = PBXBuildFile; fileRef = 0416DBF7235A2E73000E8E5C /* PokemonDetailController.swift */; };
		043422552353C6A400BAF4A2 /* Constants.swift in Sources */ = {isa = PBXBuildFile; fileRef = 043422542353C6A400BAF4A2 /* Constants.swift */; };
		0456C891235F7E7000B3EA11 /* ItemCell.swift in Sources */ = {isa = PBXBuildFile; fileRef = 0456C88F235F7E7000B3EA11 /* ItemCell.swift */; };
		0456C892235F7E7000B3EA11 /* ItemCell.xib in Resources */ = {isa = PBXBuildFile; fileRef = 0456C890235F7E7000B3EA11 /* ItemCell.xib */; };
		0456C894235F836D00B3EA11 /* ItemDetailView.swift in Sources */ = {isa = PBXBuildFile; fileRef = 0456C893235F836D00B3EA11 /* ItemDetailView.swift */; };
		0456C896235F842100B3EA11 /* Item.swift in Sources */ = {isa = PBXBuildFile; fileRef = 0456C895235F842100B3EA11 /* Item.swift */; };
		0456C898235F8FCB00B3EA11 /* ItemDetailController.swift in Sources */ = {isa = PBXBuildFile; fileRef = 0456C897235F8FCB00B3EA11 /* ItemDetailController.swift */; };
		045CB2A023579F4200EBC6BD /* TypeColors.swift in Sources */ = {isa = PBXBuildFile; fileRef = 045CB29F23579F4200EBC6BD /* TypeColors.swift */; };
		045CB2A223579F5F00EBC6BD /* LargeTypeImages.swift in Sources */ = {isa = PBXBuildFile; fileRef = 045CB2A123579F5F00EBC6BD /* LargeTypeImages.swift */; };
		045CB2A423579F7400EBC6BD /* SmallTypeImages.swift in Sources */ = {isa = PBXBuildFile; fileRef = 045CB2A323579F7400EBC6BD /* SmallTypeImages.swift */; };
		045CB2A72357AEB500EBC6BD /* PokemonCell.swift in Sources */ = {isa = PBXBuildFile; fileRef = 045CB2A52357AEB500EBC6BD /* PokemonCell.swift */; };
		045CB2A82357AEB500EBC6BD /* PokemonCell.xib in Resources */ = {isa = PBXBuildFile; fileRef = 045CB2A62357AEB500EBC6BD /* PokemonCell.xib */; };
		0467BF7F2364E6E80005D260 /* SearchFooter.swift in Sources */ = {isa = PBXBuildFile; fileRef = 0467BF7E2364E6E80005D260 /* SearchFooter.swift */; };
		046CCA93235CD4E900867C1A /* CALayer+extension.swift in Sources */ = {isa = PBXBuildFile; fileRef = 046CCA92235CD4E900867C1A /* CALayer+extension.swift */; };
		04983AFD235B914900A300EA /* Move.swift in Sources */ = {isa = PBXBuildFile; fileRef = 04983AFC235B914900A300EA /* Move.swift */; };
		04983B00235B93D800A300EA /* MoveCell.swift in Sources */ = {isa = PBXBuildFile; fileRef = 04983AFE235B93D800A300EA /* MoveCell.swift */; };
		04983B01235B93D800A300EA /* MoveCell.xib in Resources */ = {isa = PBXBuildFile; fileRef = 04983AFF235B93D800A300EA /* MoveCell.xib */; };
		04983B07235BAA3800A300EA /* MoveDetailController.swift in Sources */ = {isa = PBXBuildFile; fileRef = 04983B06235BAA3800A300EA /* MoveDetailController.swift */; };
		04983B09235BAB9500A300EA /* MoveDetailView.swift in Sources */ = {isa = PBXBuildFile; fileRef = 04983B08235BAB9500A300EA /* MoveDetailView.swift */; };
		04987C382356881C002E2706 /* .gitignore in Resources */ = {isa = PBXBuildFile; fileRef = 04987C372356881C002E2706 /* .gitignore */; };
		04B509B52353B35700D20D96 /* MainTabBarController.swift in Sources */ = {isa = PBXBuildFile; fileRef = 04B509B42353B35700D20D96 /* MainTabBarController.swift */; };
		04B509B72353B65700D20D96 /* MovesController.swift in Sources */ = {isa = PBXBuildFile; fileRef = 04B509B62353B65700D20D96 /* MovesController.swift */; };
		04B509B92353B67A00D20D96 /* ItemsController.swift in Sources */ = {isa = PBXBuildFile; fileRef = 04B509B82353B67A00D20D96 /* ItemsController.swift */; };
		04B509BB2353BE2500D20D96 /* Pokemon.swift in Sources */ = {isa = PBXBuildFile; fileRef = 04B509BA2353BE2500D20D96 /* Pokemon.swift */; };
		04E70A40235CD81F0078AF90 /* GlobalFunctions.swift in Sources */ = {isa = PBXBuildFile; fileRef = 04E70A3F235CD81F0078AF90 /* GlobalFunctions.swift */; };
		04E70A42235CE8B80078AF90 /* AutoLayout.swift in Sources */ = {isa = PBXBuildFile; fileRef = 04E70A41235CE8B80078AF90 /* AutoLayout.swift */; };
		04F11BE0234F73D300734B62 /* AppDelegate.swift in Sources */ = {isa = PBXBuildFile; fileRef = 04F11BDF234F73D300734B62 /* AppDelegate.swift */; };
		04F11BE2234F73D300734B62 /* SceneDelegate.swift in Sources */ = {isa = PBXBuildFile; fileRef = 04F11BE1234F73D300734B62 /* SceneDelegate.swift */; };
		04F11BE4234F73D300734B62 /* PokemonController.swift in Sources */ = {isa = PBXBuildFile; fileRef = 04F11BE3234F73D300734B62 /* PokemonController.swift */; };
		04F11BE9234F73D500734B62 /* Assets.xcassets in Resources */ = {isa = PBXBuildFile; fileRef = 04F11BE8234F73D500734B62 /* Assets.xcassets */; };
		04F11BEC234F73D500734B62 /* LaunchScreen.storyboard in Resources */ = {isa = PBXBuildFile; fileRef = 04F11BEA234F73D500734B62 /* LaunchScreen.storyboard */; };
		E550FB7E0D07AECCE4B45732 /* Pods_Pokemon.framework in Frameworks */ = {isa = PBXBuildFile; fileRef = E99688630252C9432C44354A /* Pods_Pokemon.framework */; };
/* End PBXBuildFile section */

/* Begin PBXFileReference section */
		0416DBF5235A2E53000E8E5C /* PokemonDetailView.swift */ = {isa = PBXFileReference; lastKnownFileType = sourcecode.swift; path = PokemonDetailView.swift; sourceTree = "<group>"; };
		0416DBF7235A2E73000E8E5C /* PokemonDetailController.swift */ = {isa = PBXFileReference; lastKnownFileType = sourcecode.swift; path = PokemonDetailController.swift; sourceTree = "<group>"; };
		043422542353C6A400BAF4A2 /* Constants.swift */ = {isa = PBXFileReference; lastKnownFileType = sourcecode.swift; path = Constants.swift; sourceTree = "<group>"; };
		0456C88F235F7E7000B3EA11 /* ItemCell.swift */ = {isa = PBXFileReference; lastKnownFileType = sourcecode.swift; path = ItemCell.swift; sourceTree = "<group>"; };
		0456C890235F7E7000B3EA11 /* ItemCell.xib */ = {isa = PBXFileReference; lastKnownFileType = file.xib; path = ItemCell.xib; sourceTree = "<group>"; };
		0456C893235F836D00B3EA11 /* ItemDetailView.swift */ = {isa = PBXFileReference; lastKnownFileType = sourcecode.swift; path = ItemDetailView.swift; sourceTree = "<group>"; };
		0456C895235F842100B3EA11 /* Item.swift */ = {isa = PBXFileReference; lastKnownFileType = sourcecode.swift; path = Item.swift; sourceTree = "<group>"; };
		0456C897235F8FCB00B3EA11 /* ItemDetailController.swift */ = {isa = PBXFileReference; lastKnownFileType = sourcecode.swift; path = ItemDetailController.swift; sourceTree = "<group>"; };
		045CB29F23579F4200EBC6BD /* TypeColors.swift */ = {isa = PBXFileReference; lastKnownFileType = sourcecode.swift; path = TypeColors.swift; sourceTree = "<group>"; };
		045CB2A123579F5F00EBC6BD /* LargeTypeImages.swift */ = {isa = PBXFileReference; lastKnownFileType = sourcecode.swift; path = LargeTypeImages.swift; sourceTree = "<group>"; };
		045CB2A323579F7400EBC6BD /* SmallTypeImages.swift */ = {isa = PBXFileReference; lastKnownFileType = sourcecode.swift; path = SmallTypeImages.swift; sourceTree = "<group>"; };
		045CB2A52357AEB500EBC6BD /* PokemonCell.swift */ = {isa = PBXFileReference; lastKnownFileType = sourcecode.swift; path = PokemonCell.swift; sourceTree = "<group>"; };
		045CB2A62357AEB500EBC6BD /* PokemonCell.xib */ = {isa = PBXFileReference; lastKnownFileType = file.xib; path = PokemonCell.xib; sourceTree = "<group>"; };
		0467BF7E2364E6E80005D260 /* SearchFooter.swift */ = {isa = PBXFileReference; lastKnownFileType = sourcecode.swift; path = SearchFooter.swift; sourceTree = "<group>"; };
		046CCA92235CD4E900867C1A /* CALayer+extension.swift */ = {isa = PBXFileReference; lastKnownFileType = sourcecode.swift; path = "CALayer+extension.swift"; sourceTree = "<group>"; };
		04983AFC235B914900A300EA /* Move.swift */ = {isa = PBXFileReference; lastKnownFileType = sourcecode.swift; path = Move.swift; sourceTree = "<group>"; };
		04983AFE235B93D800A300EA /* MoveCell.swift */ = {isa = PBXFileReference; lastKnownFileType = sourcecode.swift; path = MoveCell.swift; sourceTree = "<group>"; };
		04983AFF235B93D800A300EA /* MoveCell.xib */ = {isa = PBXFileReference; lastKnownFileType = file.xib; path = MoveCell.xib; sourceTree = "<group>"; };
		04983B06235BAA3800A300EA /* MoveDetailController.swift */ = {isa = PBXFileReference; lastKnownFileType = sourcecode.swift; path = MoveDetailController.swift; sourceTree = "<group>"; };
		04983B08235BAB9500A300EA /* MoveDetailView.swift */ = {isa = PBXFileReference; lastKnownFileType = sourcecode.swift; path = MoveDetailView.swift; sourceTree = "<group>"; };
		04987C3623564523002E2706 /* Requirements.md */ = {isa = PBXFileReference; lastKnownFileType = net.daringfireball.markdown; path = Requirements.md; sourceTree = "<group>"; };
		04987C372356881C002E2706 /* .gitignore */ = {isa = PBXFileReference; lastKnownFileType = text; path = .gitignore; sourceTree = "<group>"; };
		04B509B42353B35700D20D96 /* MainTabBarController.swift */ = {isa = PBXFileReference; lastKnownFileType = sourcecode.swift; path = MainTabBarController.swift; sourceTree = "<group>"; };
		04B509B62353B65700D20D96 /* MovesController.swift */ = {isa = PBXFileReference; lastKnownFileType = sourcecode.swift; path = MovesController.swift; sourceTree = "<group>"; };
		04B509B82353B67A00D20D96 /* ItemsController.swift */ = {isa = PBXFileReference; lastKnownFileType = sourcecode.swift; path = ItemsController.swift; sourceTree = "<group>"; };
		04B509BA2353BE2500D20D96 /* Pokemon.swift */ = {isa = PBXFileReference; lastKnownFileType = sourcecode.swift; path = Pokemon.swift; sourceTree = "<group>"; };
		04E70A3F235CD81F0078AF90 /* GlobalFunctions.swift */ = {isa = PBXFileReference; lastKnownFileType = sourcecode.swift; path = GlobalFunctions.swift; sourceTree = "<group>"; };
		04E70A41235CE8B80078AF90 /* AutoLayout.swift */ = {isa = PBXFileReference; lastKnownFileType = sourcecode.swift; path = AutoLayout.swift; sourceTree = "<group>"; };
		04F11BDC234F73D300734B62 /* Pokédex.app */ = {isa = PBXFileReference; explicitFileType = wrapper.application; includeInIndex = 0; path = "Pokédex.app"; sourceTree = BUILT_PRODUCTS_DIR; };
		04F11BDF234F73D300734B62 /* AppDelegate.swift */ = {isa = PBXFileReference; lastKnownFileType = sourcecode.swift; path = AppDelegate.swift; sourceTree = "<group>"; };
		04F11BE1234F73D300734B62 /* SceneDelegate.swift */ = {isa = PBXFileReference; lastKnownFileType = sourcecode.swift; path = SceneDelegate.swift; sourceTree = "<group>"; };
		04F11BE3234F73D300734B62 /* PokemonController.swift */ = {isa = PBXFileReference; lastKnownFileType = sourcecode.swift; path = PokemonController.swift; sourceTree = "<group>"; };
		04F11BE8234F73D500734B62 /* Assets.xcassets */ = {isa = PBXFileReference; lastKnownFileType = folder.assetcatalog; path = Assets.xcassets; sourceTree = "<group>"; };
		04F11BEB234F73D500734B62 /* Base */ = {isa = PBXFileReference; lastKnownFileType = file.storyboard; name = Base; path = Base.lproj/LaunchScreen.storyboard; sourceTree = "<group>"; };
		04F11BED234F73D500734B62 /* Info.plist */ = {isa = PBXFileReference; lastKnownFileType = text.plist.xml; path = Info.plist; sourceTree = "<group>"; };
		66C2B6C76A322EAF8DBC924C /* Pods-Pokemon.debug.xcconfig */ = {isa = PBXFileReference; includeInIndex = 1; lastKnownFileType = text.xcconfig; name = "Pods-Pokemon.debug.xcconfig"; path = "Target Support Files/Pods-Pokemon/Pods-Pokemon.debug.xcconfig"; sourceTree = "<group>"; };
		B8D7381547335B5070EB3522 /* Pods-Pokemon.release.xcconfig */ = {isa = PBXFileReference; includeInIndex = 1; lastKnownFileType = text.xcconfig; name = "Pods-Pokemon.release.xcconfig"; path = "Target Support Files/Pods-Pokemon/Pods-Pokemon.release.xcconfig"; sourceTree = "<group>"; };
		E99688630252C9432C44354A /* Pods_Pokemon.framework */ = {isa = PBXFileReference; explicitFileType = wrapper.framework; includeInIndex = 0; path = Pods_Pokemon.framework; sourceTree = BUILT_PRODUCTS_DIR; };
/* End PBXFileReference section */

/* Begin PBXFrameworksBuildPhase section */
		04F11BD9234F73D300734B62 /* Frameworks */ = {
			isa = PBXFrameworksBuildPhase;
			buildActionMask = 2147483647;
			files = (
				E550FB7E0D07AECCE4B45732 /* Pods_Pokemon.framework in Frameworks */,
			);
			runOnlyForDeploymentPostprocessing = 0;
		};
/* End PBXFrameworksBuildPhase section */

/* Begin PBXGroup section */
		043422562353C6AD00BAF4A2 /* Constants */ = {
			isa = PBXGroup;
			children = (
				043422542353C6A400BAF4A2 /* Constants.swift */,
				04E70A3F235CD81F0078AF90 /* GlobalFunctions.swift */,
				045CB29F23579F4200EBC6BD /* TypeColors.swift */,
				045CB2A123579F5F00EBC6BD /* LargeTypeImages.swift */,
				045CB2A323579F7400EBC6BD /* SmallTypeImages.swift */,
				046CCA92235CD4E900867C1A /* CALayer+extension.swift */,
				04E70A41235CE8B80078AF90 /* AutoLayout.swift */,
			);
			path = Constants;
			sourceTree = "<group>";
		};
		04F11BD3234F73D300734B62 = {
			isa = PBXGroup;
			children = (
				04F11BDE234F73D300734B62 /* Pokemon */,
				04F11BDD234F73D300734B62 /* Products */,
				9836C14C6220B21B6CE2DEA5 /* Pods */,
				DAA6F28C6D7FFC5FF543F4CF /* Frameworks */,
			);
			sourceTree = "<group>";
		};
		04F11BDD234F73D300734B62 /* Products */ = {
			isa = PBXGroup;
			children = (
				04F11BDC234F73D300734B62 /* Pokédex.app */,
			);
			name = Products;
			sourceTree = "<group>";
		};
		04F11BDE234F73D300734B62 /* Pokemon */ = {
			isa = PBXGroup;
			children = (
				04987C372356881C002E2706 /* .gitignore */,
				04987C3623564523002E2706 /* Requirements.md */,
				043422562353C6AD00BAF4A2 /* Constants */,
				04F11BF3234F7EC500734B62 /* Model */,
				04F11BF4234F7ED200734B62 /* View */,
				04F11BF5234F7EDC00734B62 /* Controller */,
				04F11BF6234F7EFD00734B62 /* Supporting */,
			);
			path = Pokemon;
			sourceTree = "<group>";
		};
		04F11BF3234F7EC500734B62 /* Model */ = {
			isa = PBXGroup;
			children = (
				04B509BA2353BE2500D20D96 /* Pokemon.swift */,
				04983AFC235B914900A300EA /* Move.swift */,
				0456C895235F842100B3EA11 /* Item.swift */,
			);
			path = Model;
			sourceTree = "<group>";
		};
		04F11BF4234F7ED200734B62 /* View */ = {
			isa = PBXGroup;
			children = (
				045CB2A52357AEB500EBC6BD /* PokemonCell.swift */,
				0416DBF5235A2E53000E8E5C /* PokemonDetailView.swift */,
				045CB2A62357AEB500EBC6BD /* PokemonCell.xib */,
				04983AFE235B93D800A300EA /* MoveCell.swift */,
				04983B08235BAB9500A300EA /* MoveDetailView.swift */,
				04983AFF235B93D800A300EA /* MoveCell.xib */,
				0456C88F235F7E7000B3EA11 /* ItemCell.swift */,
				0456C893235F836D00B3EA11 /* ItemDetailView.swift */,
				0467BF7E2364E6E80005D260 /* SearchFooter.swift */,
				0456C890235F7E7000B3EA11 /* ItemCell.xib */,
			);
			path = View;
			sourceTree = "<group>";
		};
		04F11BF5234F7EDC00734B62 /* Controller */ = {
			isa = PBXGroup;
			children = (
				04F11BE3234F73D300734B62 /* PokemonController.swift */,
				0416DBF7235A2E73000E8E5C /* PokemonDetailController.swift */,
				04B509B62353B65700D20D96 /* MovesController.swift */,
				04983B06235BAA3800A300EA /* MoveDetailController.swift */,
				04B509B82353B67A00D20D96 /* ItemsController.swift */,
				0456C897235F8FCB00B3EA11 /* ItemDetailController.swift */,
			);
			path = Controller;
			sourceTree = "<group>";
		};
		04F11BF6234F7EFD00734B62 /* Supporting */ = {
			isa = PBXGroup;
			children = (
				04B509B42353B35700D20D96 /* MainTabBarController.swift */,
				04F11BDF234F73D300734B62 /* AppDelegate.swift */,
				04F11BE1234F73D300734B62 /* SceneDelegate.swift */,
				04F11BE8234F73D500734B62 /* Assets.xcassets */,
				04F11BEA234F73D500734B62 /* LaunchScreen.storyboard */,
				04F11BED234F73D500734B62 /* Info.plist */,
			);
			path = Supporting;
			sourceTree = "<group>";
		};
		9836C14C6220B21B6CE2DEA5 /* Pods */ = {
			isa = PBXGroup;
			children = (
				66C2B6C76A322EAF8DBC924C /* Pods-Pokemon.debug.xcconfig */,
				B8D7381547335B5070EB3522 /* Pods-Pokemon.release.xcconfig */,
			);
			path = Pods;
			sourceTree = "<group>";
		};
		DAA6F28C6D7FFC5FF543F4CF /* Frameworks */ = {
			isa = PBXGroup;
			children = (
				E99688630252C9432C44354A /* Pods_Pokemon.framework */,
			);
			name = Frameworks;
			sourceTree = "<group>";
		};
/* End PBXGroup section */

/* Begin PBXNativeTarget section */
		04F11BDB234F73D300734B62 /* Pokemon */ = {
			isa = PBXNativeTarget;
			buildConfigurationList = 04F11BF0234F73D500734B62 /* Build configuration list for PBXNativeTarget "Pokemon" */;
			buildPhases = (
				D4D69B865B70347B6151FAE8 /* [CP] Check Pods Manifest.lock */,
				04F11BD8234F73D300734B62 /* Sources */,
				04F11BD9234F73D300734B62 /* Frameworks */,
				04F11BDA234F73D300734B62 /* Resources */,
				ABB44B6C376F8999D6F7F687 /* [CP] Embed Pods Frameworks */,
			);
			buildRules = (
			);
			dependencies = (
			);
			name = Pokemon;
			productName = Pokemon;
			productReference = 04F11BDC234F73D300734B62 /* Pokédex.app */;
			productType = "com.apple.product-type.application";
		};
/* End PBXNativeTarget section */

/* Begin PBXProject section */
		04F11BD4234F73D300734B62 /* Project object */ = {
			isa = PBXProject;
			attributes = {
				LastSwiftUpdateCheck = 1110;
				LastUpgradeCheck = 1110;
				ORGANIZATIONNAME = Deonte;
				TargetAttributes = {
					04F11BDB234F73D300734B62 = {
						CreatedOnToolsVersion = 11.1;
					};
				};
			};
			buildConfigurationList = 04F11BD7234F73D300734B62 /* Build configuration list for PBXProject "Pokemon" */;
			compatibilityVersion = "Xcode 9.3";
			developmentRegion = en;
			hasScannedForEncodings = 0;
			knownRegions = (
				en,
				Base,
			);
			mainGroup = 04F11BD3234F73D300734B62;
			productRefGroup = 04F11BDD234F73D300734B62 /* Products */;
			projectDirPath = "";
			projectRoot = "";
			targets = (
				04F11BDB234F73D300734B62 /* Pokemon */,
			);
		};
/* End PBXProject section */

/* Begin PBXResourcesBuildPhase section */
		04F11BDA234F73D300734B62 /* Resources */ = {
			isa = PBXResourcesBuildPhase;
			buildActionMask = 2147483647;
			files = (
				04F11BEC234F73D500734B62 /* LaunchScreen.storyboard in Resources */,
				04983B01235B93D800A300EA /* MoveCell.xib in Resources */,
				0456C892235F7E7000B3EA11 /* ItemCell.xib in Resources */,
				045CB2A82357AEB500EBC6BD /* PokemonCell.xib in Resources */,
				04987C382356881C002E2706 /* .gitignore in Resources */,
				04F11BE9234F73D500734B62 /* Assets.xcassets in Resources */,
			);
			runOnlyForDeploymentPostprocessing = 0;
		};
/* End PBXResourcesBuildPhase section */

/* Begin PBXShellScriptBuildPhase section */
		ABB44B6C376F8999D6F7F687 /* [CP] Embed Pods Frameworks */ = {
			isa = PBXShellScriptBuildPhase;
			buildActionMask = 2147483647;
			files = (
			);
			inputFileListPaths = (
				"${PODS_ROOT}/Target Support Files/Pods-Pokemon/Pods-Pokemon-frameworks-${CONFIGURATION}-input-files.xcfilelist",
			);
			name = "[CP] Embed Pods Frameworks";
			outputFileListPaths = (
				"${PODS_ROOT}/Target Support Files/Pods-Pokemon/Pods-Pokemon-frameworks-${CONFIGURATION}-output-files.xcfilelist",
			);
			runOnlyForDeploymentPostprocessing = 0;
			shellPath = /bin/sh;
			shellScript = "\"${PODS_ROOT}/Target Support Files/Pods-Pokemon/Pods-Pokemon-frameworks.sh\"\n";
			showEnvVarsInLog = 0;
		};
		D4D69B865B70347B6151FAE8 /* [CP] Check Pods Manifest.lock */ = {
			isa = PBXShellScriptBuildPhase;
			buildActionMask = 2147483647;
			files = (
			);
			inputFileListPaths = (
			);
			inputPaths = (
				"${PODS_PODFILE_DIR_PATH}/Podfile.lock",
				"${PODS_ROOT}/Manifest.lock",
			);
			name = "[CP] Check Pods Manifest.lock";
			outputFileListPaths = (
			);
			outputPaths = (
				"$(DERIVED_FILE_DIR)/Pods-Pokemon-checkManifestLockResult.txt",
			);
			runOnlyForDeploymentPostprocessing = 0;
			shellPath = /bin/sh;
			shellScript = "diff \"${PODS_PODFILE_DIR_PATH}/Podfile.lock\" \"${PODS_ROOT}/Manifest.lock\" > /dev/null\nif [ $? != 0 ] ; then\n    # print error to STDERR\n    echo \"error: The sandbox is not in sync with the Podfile.lock. Run 'pod install' or update your CocoaPods installation.\" >&2\n    exit 1\nfi\n# This output is used by Xcode 'outputs' to avoid re-running this script phase.\necho \"SUCCESS\" > \"${SCRIPT_OUTPUT_FILE_0}\"\n";
			showEnvVarsInLog = 0;
		};
/* End PBXShellScriptBuildPhase section */

/* Begin PBXSourcesBuildPhase section */
		04F11BD8234F73D300734B62 /* Sources */ = {
			isa = PBXSourcesBuildPhase;
			buildActionMask = 2147483647;
			files = (
				04983B00235B93D800A300EA /* MoveCell.swift in Sources */,
				0416DBF6235A2E53000E8E5C /* PokemonDetailView.swift in Sources */,
				04E70A40235CD81F0078AF90 /* GlobalFunctions.swift in Sources */,
				04B509BB2353BE2500D20D96 /* Pokemon.swift in Sources */,
				0456C896235F842100B3EA11 /* Item.swift in Sources */,
				04983B07235BAA3800A300EA /* MoveDetailController.swift in Sources */,
				046CCA93235CD4E900867C1A /* CALayer+extension.swift in Sources */,
				0456C894235F836D00B3EA11 /* ItemDetailView.swift in Sources */,
				045CB2A023579F4200EBC6BD /* TypeColors.swift in Sources */,
				04F11BE4234F73D300734B62 /* PokemonController.swift in Sources */,
				045CB2A223579F5F00EBC6BD /* LargeTypeImages.swift in Sources */,
				04F11BE0234F73D300734B62 /* AppDelegate.swift in Sources */,
				045CB2A72357AEB500EBC6BD /* PokemonCell.swift in Sources */,
				045CB2A423579F7400EBC6BD /* SmallTypeImages.swift in Sources */,
				04983B09235BAB9500A300EA /* MoveDetailView.swift in Sources */,
				04983AFD235B914900A300EA /* Move.swift in Sources */,
				0467BF7F2364E6E80005D260 /* SearchFooter.swift in Sources */,
				0456C891235F7E7000B3EA11 /* ItemCell.swift in Sources */,
				04B509B92353B67A00D20D96 /* ItemsController.swift in Sources */,
				04E70A42235CE8B80078AF90 /* AutoLayout.swift in Sources */,
				04B509B52353B35700D20D96 /* MainTabBarController.swift in Sources */,
				04F11BE2234F73D300734B62 /* SceneDelegate.swift in Sources */,
				04B509B72353B65700D20D96 /* MovesController.swift in Sources */,
				0416DBF8235A2E73000E8E5C /* PokemonDetailController.swift in Sources */,
				043422552353C6A400BAF4A2 /* Constants.swift in Sources */,
				0456C898235F8FCB00B3EA11 /* ItemDetailController.swift in Sources */,
			);
			runOnlyForDeploymentPostprocessing = 0;
		};
/* End PBXSourcesBuildPhase section */

/* Begin PBXVariantGroup section */
		04F11BEA234F73D500734B62 /* LaunchScreen.storyboard */ = {
			isa = PBXVariantGroup;
			children = (
				04F11BEB234F73D500734B62 /* Base */,
			);
			name = LaunchScreen.storyboard;
			sourceTree = "<group>";
		};
/* End PBXVariantGroup section */

/* Begin XCBuildConfiguration section */
		04F11BEE234F73D500734B62 /* Debug */ = {
			isa = XCBuildConfiguration;
			buildSettings = {
				ALWAYS_SEARCH_USER_PATHS = NO;
				CLANG_ANALYZER_NONNULL = YES;
				CLANG_ANALYZER_NUMBER_OBJECT_CONVERSION = YES_AGGRESSIVE;
				CLANG_CXX_LANGUAGE_STANDARD = "gnu++14";
				CLANG_CXX_LIBRARY = "libc++";
				CLANG_ENABLE_MODULES = YES;
				CLANG_ENABLE_OBJC_ARC = YES;
				CLANG_ENABLE_OBJC_WEAK = YES;
				CLANG_WARN_BLOCK_CAPTURE_AUTORELEASING = YES;
				CLANG_WARN_BOOL_CONVERSION = YES;
				CLANG_WARN_COMMA = YES;
				CLANG_WARN_CONSTANT_CONVERSION = YES;
				CLANG_WARN_DEPRECATED_OBJC_IMPLEMENTATIONS = YES;
				CLANG_WARN_DIRECT_OBJC_ISA_USAGE = YES_ERROR;
				CLANG_WARN_DOCUMENTATION_COMMENTS = YES;
				CLANG_WARN_EMPTY_BODY = YES;
				CLANG_WARN_ENUM_CONVERSION = YES;
				CLANG_WARN_INFINITE_RECURSION = YES;
				CLANG_WARN_INT_CONVERSION = YES;
				CLANG_WARN_NON_LITERAL_NULL_CONVERSION = YES;
				CLANG_WARN_OBJC_IMPLICIT_RETAIN_SELF = YES;
				CLANG_WARN_OBJC_LITERAL_CONVERSION = YES;
				CLANG_WARN_OBJC_ROOT_CLASS = YES_ERROR;
				CLANG_WARN_RANGE_LOOP_ANALYSIS = YES;
				CLANG_WARN_STRICT_PROTOTYPES = YES;
				CLANG_WARN_SUSPICIOUS_MOVE = YES;
				CLANG_WARN_UNGUARDED_AVAILABILITY = YES_AGGRESSIVE;
				CLANG_WARN_UNREACHABLE_CODE = YES;
				CLANG_WARN__DUPLICATE_METHOD_MATCH = YES;
				COPY_PHASE_STRIP = NO;
				DEBUG_INFORMATION_FORMAT = dwarf;
				ENABLE_STRICT_OBJC_MSGSEND = YES;
				ENABLE_TESTABILITY = YES;
				GCC_C_LANGUAGE_STANDARD = gnu11;
				GCC_DYNAMIC_NO_PIC = NO;
				GCC_NO_COMMON_BLOCKS = YES;
				GCC_OPTIMIZATION_LEVEL = 0;
				GCC_PREPROCESSOR_DEFINITIONS = (
					"DEBUG=1",
					"$(inherited)",
				);
				GCC_WARN_64_TO_32_BIT_CONVERSION = YES;
				GCC_WARN_ABOUT_RETURN_TYPE = YES_ERROR;
				GCC_WARN_UNDECLARED_SELECTOR = YES;
				GCC_WARN_UNINITIALIZED_AUTOS = YES_AGGRESSIVE;
				GCC_WARN_UNUSED_FUNCTION = YES;
				GCC_WARN_UNUSED_VARIABLE = YES;
				IPHONEOS_DEPLOYMENT_TARGET = 13.1;
				MTL_ENABLE_DEBUG_INFO = INCLUDE_SOURCE;
				MTL_FAST_MATH = YES;
				ONLY_ACTIVE_ARCH = YES;
				SDKROOT = iphoneos;
				SWIFT_ACTIVE_COMPILATION_CONDITIONS = DEBUG;
				SWIFT_OPTIMIZATION_LEVEL = "-Onone";
			};
			name = Debug;
		};
		04F11BEF234F73D500734B62 /* Release */ = {
			isa = XCBuildConfiguration;
			buildSettings = {
				ALWAYS_SEARCH_USER_PATHS = NO;
				CLANG_ANALYZER_NONNULL = YES;
				CLANG_ANALYZER_NUMBER_OBJECT_CONVERSION = YES_AGGRESSIVE;
				CLANG_CXX_LANGUAGE_STANDARD = "gnu++14";
				CLANG_CXX_LIBRARY = "libc++";
				CLANG_ENABLE_MODULES = YES;
				CLANG_ENABLE_OBJC_ARC = YES;
				CLANG_ENABLE_OBJC_WEAK = YES;
				CLANG_WARN_BLOCK_CAPTURE_AUTORELEASING = YES;
				CLANG_WARN_BOOL_CONVERSION = YES;
				CLANG_WARN_COMMA = YES;
				CLANG_WARN_CONSTANT_CONVERSION = YES;
				CLANG_WARN_DEPRECATED_OBJC_IMPLEMENTATIONS = YES;
				CLANG_WARN_DIRECT_OBJC_ISA_USAGE = YES_ERROR;
				CLANG_WARN_DOCUMENTATION_COMMENTS = YES;
				CLANG_WARN_EMPTY_BODY = YES;
				CLANG_WARN_ENUM_CONVERSION = YES;
				CLANG_WARN_INFINITE_RECURSION = YES;
				CLANG_WARN_INT_CONVERSION = YES;
				CLANG_WARN_NON_LITERAL_NULL_CONVERSION = YES;
				CLANG_WARN_OBJC_IMPLICIT_RETAIN_SELF = YES;
				CLANG_WARN_OBJC_LITERAL_CONVERSION = YES;
				CLANG_WARN_OBJC_ROOT_CLASS = YES_ERROR;
				CLANG_WARN_RANGE_LOOP_ANALYSIS = YES;
				CLANG_WARN_STRICT_PROTOTYPES = YES;
				CLANG_WARN_SUSPICIOUS_MOVE = YES;
				CLANG_WARN_UNGUARDED_AVAILABILITY = YES_AGGRESSIVE;
				CLANG_WARN_UNREACHABLE_CODE = YES;
				CLANG_WARN__DUPLICATE_METHOD_MATCH = YES;
				COPY_PHASE_STRIP = NO;
				DEBUG_INFORMATION_FORMAT = "dwarf-with-dsym";
				ENABLE_NS_ASSERTIONS = NO;
				ENABLE_STRICT_OBJC_MSGSEND = YES;
				GCC_C_LANGUAGE_STANDARD = gnu11;
				GCC_NO_COMMON_BLOCKS = YES;
				GCC_WARN_64_TO_32_BIT_CONVERSION = YES;
				GCC_WARN_ABOUT_RETURN_TYPE = YES_ERROR;
				GCC_WARN_UNDECLARED_SELECTOR = YES;
				GCC_WARN_UNINITIALIZED_AUTOS = YES_AGGRESSIVE;
				GCC_WARN_UNUSED_FUNCTION = YES;
				GCC_WARN_UNUSED_VARIABLE = YES;
				IPHONEOS_DEPLOYMENT_TARGET = 13.1;
				MTL_ENABLE_DEBUG_INFO = NO;
				MTL_FAST_MATH = YES;
				SDKROOT = iphoneos;
				SWIFT_COMPILATION_MODE = wholemodule;
				SWIFT_OPTIMIZATION_LEVEL = "-O";
				VALIDATE_PRODUCT = YES;
			};
			name = Release;
		};
		04F11BF1234F73D500734B62 /* Debug */ = {
			isa = XCBuildConfiguration;
			baseConfigurationReference = 66C2B6C76A322EAF8DBC924C /* Pods-Pokemon.debug.xcconfig */;
			buildSettings = {
				ASSETCATALOG_COMPILER_APPICON_NAME = AppIcon;
				CODE_SIGN_STYLE = Automatic;
				DEVELOPMENT_TEAM = 848C2FNJZC;
				INFOPLIST_FILE = Pokemon/Supporting/Info.plist;
				IPHONEOS_DEPLOYMENT_TARGET = 13.1;
				LD_RUNPATH_SEARCH_PATHS = (
					"$(inherited)",
					"@executable_path/Frameworks",
				);
				PRODUCT_BUNDLE_IDENTIFIER = com.deontecodes.Pokemon;
				PRODUCT_NAME = "Pokédex";
				SWIFT_VERSION = 5.0;
				TARGETED_DEVICE_FAMILY = "1,2";
			};
			name = Debug;
		};
		04F11BF2234F73D500734B62 /* Release */ = {
			isa = XCBuildConfiguration;
			baseConfigurationReference = B8D7381547335B5070EB3522 /* Pods-Pokemon.release.xcconfig */;
			buildSettings = {
				ASSETCATALOG_COMPILER_APPICON_NAME = AppIcon;
				CODE_SIGN_STYLE = Automatic;
				DEVELOPMENT_TEAM = 848C2FNJZC;
				INFOPLIST_FILE = Pokemon/Supporting/Info.plist;
				IPHONEOS_DEPLOYMENT_TARGET = 13.1;
				LD_RUNPATH_SEARCH_PATHS = (
					"$(inherited)",
					"@executable_path/Frameworks",
				);
				PRODUCT_BUNDLE_IDENTIFIER = com.deontecodes.Pokemon;
				PRODUCT_NAME = "Pokédex";
				SWIFT_VERSION = 5.0;
				TARGETED_DEVICE_FAMILY = "1,2";
			};
			name = Release;
		};
/* End XCBuildConfiguration section */

/* Begin XCConfigurationList section */
		04F11BD7234F73D300734B62 /* Build configuration list for PBXProject "Pokemon" */ = {
			isa = XCConfigurationList;
			buildConfigurations = (
				04F11BEE234F73D500734B62 /* Debug */,
				04F11BEF234F73D500734B62 /* Release */,
			);
			defaultConfigurationIsVisible = 0;
			defaultConfigurationName = Release;
		};
		04F11BF0234F73D500734B62 /* Build configuration list for PBXNativeTarget "Pokemon" */ = {
			isa = XCConfigurationList;
			buildConfigurations = (
				04F11BF1234F73D500734B62 /* Debug */,
				04F11BF2234F73D500734B62 /* Release */,
			);
			defaultConfigurationIsVisible = 0;
			defaultConfigurationName = Release;
		};
/* End XCConfigurationList section */
	};
	rootObject = 04F11BD4234F73D300734B62 /* Project object */;
}
